
Microsoft Visual Studio Solution File, Format Version 12.00
# Visual Studio 2012
Project("{FAE04EC0-301F-11D3-BF4B-00C04F79EFBC}") = "BootstrapDemo", "BootstrapDemo\BootstrapDemo.csproj", "{067AC43A-FA21-4BEB-AB57-8A4534E5A387}"
EndProject
Global
	GlobalSection(SolutionConfigurationPlatforms) = preSolution
		Debug|Any CPU = Debug|Any CPU
		Release|Any CPU = Release|Any CPU
	EndGlobalSection
	GlobalSection(ProjectConfigurationPlatforms) = postSolution
		{067AC43A-FA21-4BEB-AB57-8A4534E5A387}.Debug|Any CPU.ActiveCfg = Debug|Any CPU
		{067AC43A-FA21-4BEB-AB57-8A4534E5A387}.Debug|Any CPU.Build.0 = Debug|Any CPU
		{067AC43A-FA21-4BEB-AB57-8A4534E5A387}.Release|Any CPU.ActiveCfg = Release|Any CPU
		{067AC43A-FA21-4BEB-AB57-8A4534E5A387}.Release|Any CPU.Build.0 = Release|Any CPU
	EndGlobalSection
	GlobalSection(SolutionProperties) = preSolution
		HideSolutionNode = FALSE
	EndGlobalSection
EndGlobal
